
Microsoft Visual Studio Solution File, Format Version 12.00
# Visual Studio 2013
VisualStudioVersion = 12.0.40629.0
MinimumVisualStudioVersion = 10.0.40219.1
Project("{8BC9CEB8-8B4A-11D0-8D11-00A0C91BC942}") = "PlanetaEngine", "PlanetaEngine\PlanetaEngine.vcxproj", "{51471B0A-7303-475C-9870-B7B14E0291FC}"
EndProject
Project("{8BC9CEB8-8B4A-11D0-8D11-00A0C91BC942}") = "PlanetaEngineTest", "PlanetaEngineTest\PlanetaEngineTest.vcxproj", "{0FBD4101-699F-43BD-978A-2AD12F6029A8}"
EndProject
Global
	GlobalSection(SolutionConfigurationPlatforms) = preSolution
		Debug|Win32 = Debug|Win32
		EngineTestR|Win32 = EngineTestR|Win32
		Release|Win32 = Release|Win32
	EndGlobalSection
	GlobalSection(ProjectConfigurationPlatforms) = postSolution
		{51471B0A-7303-475C-9870-B7B14E0291FC}.Debug|Win32.ActiveCfg = Debug|Win32
		{51471B0A-7303-475C-9870-B7B14E0291FC}.Debug|Win32.Build.0 = Debug|Win32
		{51471B0A-7303-475C-9870-B7B14E0291FC}.EngineTestR|Win32.ActiveCfg = EngineTestR|Win32
		{51471B0A-7303-475C-9870-B7B14E0291FC}.EngineTestR|Win32.Build.0 = EngineTestR|Win32
		{51471B0A-7303-475C-9870-B7B14E0291FC}.Release|Win32.ActiveCfg = Release|Win32
		{51471B0A-7303-475C-9870-B7B14E0291FC}.Release|Win32.Build.0 = Release|Win32
		{0FBD4101-699F-43BD-978A-2AD12F6029A8}.Debug|Win32.ActiveCfg = Debug|Win32
		{0FBD4101-699F-43BD-978A-2AD12F6029A8}.Debug|Win32.Build.0 = Debug|Win32
		{0FBD4101-699F-43BD-978A-2AD12F6029A8}.EngineTestR|Win32.ActiveCfg = EngineTestR|Win32
		{0FBD4101-699F-43BD-978A-2AD12F6029A8}.EngineTestR|Win32.Build.0 = EngineTestR|Win32
		{0FBD4101-699F-43BD-978A-2AD12F6029A8}.Release|Win32.ActiveCfg = Release|Win32
		{0FBD4101-699F-43BD-978A-2AD12F6029A8}.Release|Win32.Build.0 = Release|Win32
	EndGlobalSection
	GlobalSection(SolutionProperties) = preSolution
		HideSolutionNode = FALSE
	EndGlobalSection
EndGlobal
