<?xml version="1.0" encoding="utf-8"?>
<Project ToolsVersion="4.0" xmlns="http://schemas.microsoft.com/developer/msbuild/2003">
  <ItemGroup>
    <Filter Include="ソース ファイル">
      <UniqueIdentifier>{4FC737F1-C7A5-4376-A066-2A32D752A2FF}</UniqueIdentifier>
      <Extensions>cpp;c;cc;cxx;def;odl;idl;hpj;bat;asm;asmx</Extensions>
    </Filter>
    <Filter Include="ヘッダー ファイル">
      <UniqueIdentifier>{93995380-89BD-4b04-88EB-625FBE52EBFB}</UniqueIdentifier>
      <Extensions>h;hh;hpp;hxx;hm;inl;inc;xsd</Extensions>
    </Filter>
    <Filter Include="リソース ファイル">
      <UniqueIdentifier>{67DA6AB6-F800-4c08-8B7A-83BB121AAD01}</UniqueIdentifier>
      <Extensions>rc;ico;cur;bmp;dlg;rc2;rct;bin;rgs;gif;jpg;jpeg;jpe;resx;tiff;tif;png;wav;mfcribbon-ms</Extensions>
    </Filter>
    <Filter Include="PlanetaEngine">
      <UniqueIdentifier>{bdb8f67c-a2cd-4837-8b2a-edec7001dd62}</UniqueIdentifier>
    </Filter>
    <Filter Include="PlanetaEngine\Math">
      <UniqueIdentifier>{824a5b7f-4f86-4ec0-a674-a1d0df969da1}</UniqueIdentifier>
    </Filter>
    <Filter Include="PlanetaEngine\FileSystem">
      <UniqueIdentifier>{bc6818a6-d916-45ec-ba68-0848ecaa7576}</UniqueIdentifier>
    </Filter>
    <Filter Include="PlanetaEngine\Utility">
      <UniqueIdentifier>{c73e18ed-60d0-4130-bc81-598d2fe502f2}</UniqueIdentifier>
    </Filter>
    <Filter Include="PlanetaEngine\Core">
      <UniqueIdentifier>{e2ad56ed-15d8-415c-9a47-af5d089d6758}</UniqueIdentifier>
    </Filter>
    <Filter Include="PlanetaEngine\Core\Object">
      <UniqueIdentifier>{a891554f-069d-48a9-9687-bb86bccc3680}</UniqueIdentifier>
    </Filter>
    <Filter Include="PlanetaEngine\Core\Scene">
      <UniqueIdentifier>{a7a17209-ac4b-4b38-abe5-54b35e8e3e18}</UniqueIdentifier>
    </Filter>
    <Filter Include="PlanetaEngine\InitEnd">
      <UniqueIdentifier>{d62977ac-2d9b-4cdc-bc1c-9273c8ab4911}</UniqueIdentifier>
    </Filter>
    <Filter Include="PlanetaEngine\Debug">
      <UniqueIdentifier>{9923b114-a87d-41d5-8e5e-1a788678fddd}</UniqueIdentifier>
    </Filter>
    <Filter Include="PlanetaEngine\Core\GraphicSystem">
      <UniqueIdentifier>{bdb92e91-9337-4da0-a4c8-cbad3dbb95e3}</UniqueIdentifier>
    </Filter>
    <Filter Include="PlanetaEngine\_UnderReview">
      <UniqueIdentifier>{1ff12165-4812-40b2-89b8-8dfea5388c06}</UniqueIdentifier>
    </Filter>
    <Filter Include="PlanetaEngine\Core\KeyInput">
      <UniqueIdentifier>{f8749ef8-c30b-4b76-86a1-8ed1d7014e59}</UniqueIdentifier>
    </Filter>
    <Filter Include="PlanetaEngine\Core\Resource">
      <UniqueIdentifier>{f23a3a1d-6410-44bc-ac6e-60606aa0718e}</UniqueIdentifier>
    </Filter>
    <Filter Include="PlanetaEngine\BuildinElements">
      <UniqueIdentifier>{9ebe99cf-e97c-407c-a4c3-de0396051b94}</UniqueIdentifier>
    </Filter>
    <Filter Include="PlanetaEngine\BuildinElements\Resources">
      <UniqueIdentifier>{0a846ef1-df82-4e61-abd5-be789ed328f5}</UniqueIdentifier>
    </Filter>
    <Filter Include="PlanetaEngine\BuildinElements\EventArgs">
      <UniqueIdentifier>{fb1b3493-a736-4e3f-8b76-dae42031af3d}</UniqueIdentifier>
    </Filter>
    <Filter Include="TinyXML2">
      <UniqueIdentifier>{38d797a1-d619-4e63-aaf0-63156fa85703}</UniqueIdentifier>
    </Filter>
    <Filter Include="PlanetaEngine\Core\Memory">
      <UniqueIdentifier>{2399abbf-6b25-4112-9eb9-a39e74e8d89b}</UniqueIdentifier>
    </Filter>
    <Filter Include="PlanetaEngine\Core\Scene\Manager">
      <UniqueIdentifier>{3ad2a0c2-8a6c-4d54-94dd-be6aa42d1e57}</UniqueIdentifier>
    </Filter>
    <Filter Include="PlanetaEngine\Core\Scene\SetUpper">
      <UniqueIdentifier>{39704db5-1a23-46a0-b1f3-92d9d419dca0}</UniqueIdentifier>
    </Filter>
    <Filter Include="PlanetaEngine\Core\SoundSystem">
      <UniqueIdentifier>{b9cc7bbc-7fcb-465c-be44-159dda5896f7}</UniqueIdentifier>
    </Filter>
    <Filter Include="PlanetaEngine\FileSystem\Stream">
      <UniqueIdentifier>{dec49675-f1ec-4fb8-bf4d-24eb8d3dbcf1}</UniqueIdentifier>
    </Filter>
    <Filter Include="PlanetaEngine\FileSystem\Encrypter">
      <UniqueIdentifier>{f6fa2f17-458a-4de9-b677-47427823fd5e}</UniqueIdentifier>
    </Filter>
    <Filter Include="PlanetaEngine\FileSystem\Manipulator">
      <UniqueIdentifier>{4a480599-7564-45b8-9bce-87feda2bfe9e}</UniqueIdentifier>
    </Filter>
    <Filter Include="PlanetaEngine\Core\Others">
      <UniqueIdentifier>{807b79e9-77e4-41fd-897c-6c0fb921f8dd}</UniqueIdentifier>
    </Filter>
    <Filter Include="PlanetaEngine\Core\Config">
      <UniqueIdentifier>{93cab7dc-ff6c-4001-8415-bad46025c9c9}</UniqueIdentifier>
    </Filter>
    <Filter Include="PlanetaEngine\Math\Vector">
      <UniqueIdentifier>{bc9953e4-eaa5-4ab3-b8dc-7f0910d884cd}</UniqueIdentifier>
    </Filter>
    <Filter Include="PlanetaEngine\BuildinElements\GUIComponents">
      <UniqueIdentifier>{8f5b81f3-4ca5-4cd6-b5ed-9c99e6598f8b}</UniqueIdentifier>
    </Filter>
    <Filter Include="PlanetaEngine\BuildinElements\GUIObjects">
      <UniqueIdentifier>{d6c2d73d-d639-453f-b33f-4cdc86ad0427}</UniqueIdentifier>
    </Filter>
    <Filter Include="PlanetaEngine\Core\GraphicSystem\Screen">
      <UniqueIdentifier>{2c044abd-aafc-4948-adaf-9d1de805a50b}</UniqueIdentifier>
    </Filter>
    <Filter Include="PlanetaEngine\Core\GraphicSystem\2D">
      <UniqueIdentifier>{1bbeb0a9-c694-4467-9cd9-0f6cf7822fa7}</UniqueIdentifier>
    </Filter>
    <Filter Include="PlanetaEngine\Core\GraphicSystem\GUI">
      <UniqueIdentifier>{2c996d1e-a09c-420c-9dca-b3ae627bc599}</UniqueIdentifier>
    </Filter>
    <Filter Include="PlanetaEngine\ForUserHeaders">
      <UniqueIdentifier>{98b764e3-2aeb-49ed-afc6-29bf63729928}</UniqueIdentifier>
    </Filter>
    <Filter Include="PlanetaEngine\BuildinElements\GameObjectComponents">
      <UniqueIdentifier>{554b09c7-da21-4a12-818f-11c2b1fa563f}</UniqueIdentifier>
    </Filter>
    <Filter Include="PlanetaEngine\Windows">
      <UniqueIdentifier>{86890a22-3624-4169-b8e6-b4c08bff5891}</UniqueIdentifier>
    </Filter>
    <Filter Include="LinqForCpp">
      <UniqueIdentifier>{cf38c700-36a3-40d4-a3d7-8ca8f098f1cb}</UniqueIdentifier>
    </Filter>
    <Filter Include="Lua">
      <UniqueIdentifier>{d0528160-be9e-47ac-acff-8c9b7b787093}</UniqueIdentifier>
    </Filter>
    <Filter Include="PlanetaEngine\Utility\DataContainer">
      <UniqueIdentifier>{7af39fec-41ae-4243-aa12-5394b1cfa6e0}</UniqueIdentifier>
    </Filter>
    <Filter Include="PlanetaEngine\Utility\DataContainer\Exceptions">
      <UniqueIdentifier>{1caea0f8-d2bf-461d-972b-981f936cde75}</UniqueIdentifier>
    </Filter>
    <Filter Include="PlanetaEngine\Utility\DataContainer\Serialize">
      <UniqueIdentifier>{c6e9ec24-a912-40a2-be57-cdac00a89a8c}</UniqueIdentifier>
    </Filter>
    <Filter Include="PlanetaEngine\Utility\WeakPointer">
      <UniqueIdentifier>{32c98a0e-63bf-4b63-b39c-6b6deccf06b0}</UniqueIdentifier>
    </Filter>
    <Filter Include="PlanetaEngine\Utility\DateTime">
      <UniqueIdentifier>{0de0a5aa-9426-4eea-9453-906e3d75582a}</UniqueIdentifier>
    </Filter>
    <Filter Include="PlanetaEngine\Core\SaveData">
      <UniqueIdentifier>{ef9d18d8-9c13-4e4c-8587-c8259919dff0}</UniqueIdentifier>
    </Filter>
    <Filter Include="PlanetaEngine\Math\Matrix">
      <UniqueIdentifier>{1826c0f3-9abb-467a-ab0a-0c55c95a2a8b}</UniqueIdentifier>
    </Filter>
    <Filter Include="PlanetaEngine\BuildinElements\Tasks">
      <UniqueIdentifier>{de26d756-ac3d-4fe7-986c-bae6218fa395}</UniqueIdentifier>
    </Filter>
    <Filter Include="PlanetaEngine\BuildinElements\Tasks\GameObjectOperationTask">
      <UniqueIdentifier>{5235ed91-74d5-4bc0-b42b-cbe152f8cf62}</UniqueIdentifier>
    </Filter>
    <Filter Include="PlanetaEngine\BuildinElements\GameObjectComponents\ColliderComponent2D">
      <UniqueIdentifier>{20c2ee0b-64fc-4ceb-8e46-5c2ffa7748b6}</UniqueIdentifier>
    </Filter>
    <Filter Include="PlanetaEngine\BuildinElements\GameObjectComponents\DrawComponent2D">
      <UniqueIdentifier>{363a6867-3602-4489-bdec-0dbf4a02ed15}</UniqueIdentifier>
    </Filter>
    <Filter Include="PlanetaEngine\BuildinElements\GameObjectComponents\TransformComponent2D">
      <UniqueIdentifier>{fa903434-b4de-4c4d-8c40-535dcbfb7978}</UniqueIdentifier>
    </Filter>
    <Filter Include="PlanetaEngine\BuildinElements\GameObjectComponents\GroundComponent2D">
      <UniqueIdentifier>{848979b6-82ac-4e0a-b095-1487a18c6740}</UniqueIdentifier>
    </Filter>
    <Filter Include="PlanetaEngine\BuildinElements\GameObjects">
      <UniqueIdentifier>{dfe1d2e1-4581-4384-8a5b-f68d5b40f2d3}</UniqueIdentifier>
    </Filter>
    <Filter Include="PlanetaEngine\BuildinElements\GameObjectInterface">
      <UniqueIdentifier>{8f00986c-a368-4763-9128-2370d73c0055}</UniqueIdentifier>
    </Filter>
    <Filter Include="PlanetaEngine\SceneModules">
      <UniqueIdentifier>{bc4efac9-0f98-444c-886a-babca34e88df}</UniqueIdentifier>
    </Filter>
    <Filter Include="PlanetaEngine\SceneModules\GameObject">
      <UniqueIdentifier>{4eb19d1b-ba95-4352-9db9-c84426b1f093}</UniqueIdentifier>
    </Filter>
    <Filter Include="PlanetaEngine\SceneModules\GameObject\Manager">
      <UniqueIdentifier>{01ba8182-1e53-4fcf-8506-2633085a97fe}</UniqueIdentifier>
    </Filter>
    <Filter Include="PlanetaEngine\SceneModules\GameObject\GameObjectInterface">
      <UniqueIdentifier>{56cd2c2b-652f-4629-9e10-12aaba99a599}</UniqueIdentifier>
    </Filter>
    <Filter Include="PlanetaEngine\SceneModules\GameObject\Factory">
      <UniqueIdentifier>{aba12054-18db-4ae8-a61a-49f737699b14}</UniqueIdentifier>
    </Filter>
    <Filter Include="PlanetaEngine\SceneModules\GameObject\Component">
      <UniqueIdentifier>{baa92adc-bcac-407f-b346-22168707ed21}</UniqueIdentifier>
    </Filter>
    <Filter Include="PlanetaEngine\SceneModules\GUI">
      <UniqueIdentifier>{909514ca-9f19-4811-9237-1ae504c3e65d}</UniqueIdentifier>
    </Filter>
    <Filter Include="PlanetaEngine\SceneModules\GUI\Manager">
      <UniqueIdentifier>{dd180588-c0a7-44b8-be78-04574025a524}</UniqueIdentifier>
    </Filter>
    <Filter Include="PlanetaEngine\SceneModules\Task">
      <UniqueIdentifier>{2b098711-ed27-46b5-801d-60ee70d2e370}</UniqueIdentifier>
    </Filter>
    <Filter Include="PlanetaEngine\SceneModules\Task\Manager">
      <UniqueIdentifier>{ddb72fe9-cd49-447c-8be5-578163334b28}</UniqueIdentifier>
    </Filter>
    <Filter Include="PlanetaEngine\SceneModules\Animation">
      <UniqueIdentifier>{b42b3cb6-d437-4413-8ffe-1cdfca4586a4}</UniqueIdentifier>
    </Filter>
    <Filter Include="PlanetaEngine\SceneModules\CollisionWorld">
      <UniqueIdentifier>{21b701b6-754f-46d2-a50b-f3e0d5ea8322}</UniqueIdentifier>
    </Filter>
    <Filter Include="PlanetaEngine\SceneModules\DrawSystem">
      <UniqueIdentifier>{d2ccb018-ff2b-4b06-bd76-739041074ba2}</UniqueIdentifier>
    </Filter>
    <Filter Include="PlanetaEngine\SceneModules\TransfotmSystem">
      <UniqueIdentifier>{51b722d7-277d-4ff2-b203-1ef2b7cf15f1}</UniqueIdentifier>
    </Filter>
  </ItemGroup>
  <ItemGroup>
    <Text Include="ReadMe.txt" />
  </ItemGroup>
  <ItemGroup>
    <ClInclude Include="tinyxml2.h">
      <Filter>TinyXML2</Filter>
    </ClInclude>
    <ClInclude Include="CollisionEventArgument.h">
      <Filter>PlanetaEngine\BuildinElements\EventArgs</Filter>
    </ClInclude>
    <ClInclude Include="CollisionWithGroundEventArgument.h">
      <Filter>PlanetaEngine\BuildinElements\EventArgs</Filter>
    </ClInclude>
    <ClInclude Include="FontDefinitionResource.h">
      <Filter>PlanetaEngine\BuildinElements\Resources</Filter>
    </ClInclude>
    <ClInclude Include="FontResource.h">
      <Filter>PlanetaEngine\BuildinElements\Resources</Filter>
    </ClInclude>
    <ClInclude Include="MusicResource.h">
      <Filter>PlanetaEngine\BuildinElements\Resources</Filter>
    </ClInclude>
    <ClInclude Include="INIFileResource.h">
      <Filter>PlanetaEngine\BuildinElements\Resources</Filter>
    </ClInclude>
    <ClInclude Include="GraphResource.h">
      <Filter>PlanetaEngine\BuildinElements\Resources</Filter>
    </ClInclude>
    <ClInclude Include="SoundResource.h">
      <Filter>PlanetaEngine\BuildinElements\Resources</Filter>
    </ClInclude>
    <ClInclude Include="TextResource.h">
      <Filter>PlanetaEngine\BuildinElements\Resources</Filter>
    </ClInclude>
    <ClInclude Include="CSVResource.h">
      <Filter>PlanetaEngine\BuildinElements\Resources</Filter>
    </ClInclude>
    <ClInclude Include="SimplePolygonPanel.h">
      <Filter>PlanetaEngine\BuildinElements\GUIComponents</Filter>
    </ClInclude>
    <ClInclude Include="GraphPanel.h">
      <Filter>PlanetaEngine\BuildinElements\GUIComponents</Filter>
    </ClInclude>
    <ClInclude Include="TextPanel.h">
      <Filter>PlanetaEngine\BuildinElements\GUIComponents</Filter>
    </ClInclude>
    <ClInclude Include="SceneTransitionEffect.h">
      <Filter>PlanetaEngine\_UnderReview</Filter>
    </ClInclude>
    <ClInclude Include="BadAllocException.h">
      <Filter>PlanetaEngine\Core\Memory</Filter>
    </ClInclude>
    <ClInclude Include="TLSFMemoryAllocator.h">
      <Filter>PlanetaEngine\Core\Memory</Filter>
    </ClInclude>
    <ClInclude Include="GameObjectAllocator.h">
      <Filter>PlanetaEngine\Core\Memory</Filter>
    </ClInclude>
    <ClInclude Include="EngineAllocator.h">
      <Filter>PlanetaEngine\Core\Memory</Filter>
    </ClInclude>
    <ClInclude Include="ProcessAllocator.h">
      <Filter>PlanetaEngine\Core\Memory</Filter>
    </ClInclude>
    <ClInclude Include="UIAllocator.h">
      <Filter>PlanetaEngine\Core\Memory</Filter>
    </ClInclude>
    <ClInclude Include="IMemoryAllocator.h">
      <Filter>PlanetaEngine\Core\Memory</Filter>
    </ClInclude>
    <ClInclude Include="Color.h">
      <Filter>PlanetaEngine\Core\GraphicSystem</Filter>
    </ClInclude>
    <ClInclude Include="DrawManager.h">
      <Filter>PlanetaEngine\Core\GraphicSystem</Filter>
    </ClInclude>
    <ClInclude Include="KeyInputManager.h">
      <Filter>PlanetaEngine\Core\KeyInput</Filter>
    </ClInclude>
    <ClInclude Include="KeyInputDefines.h">
      <Filter>PlanetaEngine\Core\KeyInput</Filter>
    </ClInclude>
    <ClInclude Include="KeyInputUtils.h">
      <Filter>PlanetaEngine\Core\KeyInput</Filter>
    </ClInclude>
    <ClInclude Include="IOKeyConfig.h">
      <Filter>PlanetaEngine\Core\KeyInput</Filter>
    </ClInclude>
    <ClInclude Include="Memory.h">
      <Filter>PlanetaEngine\Core\Object</Filter>
    </ClInclude>
    <ClInclude Include="Object.h">
      <Filter>PlanetaEngine\Core\Object</Filter>
    </ClInclude>
    <ClInclude Include="UnorderedMap.h">
      <Filter>PlanetaEngine\Core\Object</Filter>
    </ClInclude>
    <ClInclude Include="Vector.h">
      <Filter>PlanetaEngine\Core\Object</Filter>
    </ClInclude>
    <ClInclude Include="MakeResource.h">
      <Filter>PlanetaEngine\Core\Resource</Filter>
    </ClInclude>
    <ClInclude Include="ResourceBase.h">
      <Filter>PlanetaEngine\Core\Resource</Filter>
    </ClInclude>
    <ClInclude Include="ResourceManager.h">
      <Filter>PlanetaEngine\Core\Resource</Filter>
    </ClInclude>
    <ClInclude Include="Scene.h">
      <Filter>PlanetaEngine\Core\Scene</Filter>
    </ClInclude>
    <ClInclude Include="Game.h">
      <Filter>PlanetaEngine\Core</Filter>
    </ClInclude>
    <ClInclude Include="IGameSetUp.h">
      <Filter>PlanetaEngine\Core</Filter>
    </ClInclude>
    <ClInclude Include="IGameAccessor.h">
      <Filter>PlanetaEngine\Core</Filter>
    </ClInclude>
    <ClInclude Include="PlanetaEngine.h">
      <Filter>PlanetaEngine\Core</Filter>
    </ClInclude>
    <ClInclude Include="SystemVariables.h">
      <Filter>PlanetaEngine\Core</Filter>
    </ClInclude>
    <ClInclude Include="DebuggerCommunicater.h">
      <Filter>PlanetaEngine\Debug</Filter>
    </ClInclude>
    <ClInclude Include="DebugDataPool.h">
      <Filter>PlanetaEngine\Debug</Filter>
    </ClInclude>
    <ClInclude Include="SystemCounter.h">
      <Filter>PlanetaEngine\Debug</Filter>
    </ClInclude>
    <ClInclude Include="SystemLog.h">
      <Filter>PlanetaEngine\Debug</Filter>
    </ClInclude>
    <ClInclude Include="File.h">
      <Filter>PlanetaEngine\FileSystem</Filter>
    </ClInclude>
    <ClInclude Include="InitEnd.h">
      <Filter>PlanetaEngine\InitEnd</Filter>
    </ClInclude>
    <ClInclude Include="MathUtility.h">
      <Filter>PlanetaEngine\Math</Filter>
    </ClInclude>
    <ClInclude Include="MathConstant.h">
      <Filter>PlanetaEngine\Math</Filter>
    </ClInclude>
    <ClInclude Include="BadNewDeleteOperation.h">
      <Filter>PlanetaEngine\Utility</Filter>
    </ClInclude>
    <ClInclude Include="DXUtility.h">
      <Filter>PlanetaEngine\Utility</Filter>
    </ClInclude>
    <ClInclude Include="NullWeakPointerException.h">
      <Filter>PlanetaEngine\Utility</Filter>
    </ClInclude>
    <ClInclude Include="ObjectHolderTemplate_WithoutID.h">
      <Filter>PlanetaEngine\Utility</Filter>
    </ClInclude>
    <ClInclude Include="ObjectHolderTemplate_WithID.h">
      <Filter>PlanetaEngine\Utility</Filter>
    </ClInclude>
    <ClInclude Include="ParameterHolder.h">
      <Filter>PlanetaEngine\Utility</Filter>
    </ClInclude>
    <ClInclude Include="PointerSingletonTemplate.h">
      <Filter>PlanetaEngine\Utility</Filter>
    </ClInclude>
    <ClInclude Include="RectAngle.h">
      <Filter>PlanetaEngine\Utility</Filter>
    </ClInclude>
    <ClInclude Include="SharedPointerInstance.h">
      <Filter>PlanetaEngine\Utility</Filter>
    </ClInclude>
    <ClInclude Include="StaticSingletonTemplate.h">
      <Filter>PlanetaEngine\Utility</Filter>
    </ClInclude>
    <ClInclude Include="TwoKeyMap.h">
      <Filter>PlanetaEngine\Utility</Filter>
    </ClInclude>
    <ClInclude Include="Vertex2D.h">
      <Filter>PlanetaEngine\Utility</Filter>
    </ClInclude>
    <ClInclude Include="XMLResource.h">
      <Filter>PlanetaEngine\BuildinElements\Resources</Filter>
    </ClInclude>
    <ClInclude Include="TalkWindows.h">
      <Filter>PlanetaEngine\BuildinElements\GUIObjects</Filter>
    </ClInclude>
    <ClInclude Include="StringPanel.h">
      <Filter>PlanetaEngine\BuildinElements\GUIComponents</Filter>
    </ClInclude>
    <ClInclude Include="Coroutine.h">
      <Filter>PlanetaEngine\Utility</Filter>
    </ClInclude>
    <ClInclude Include="PEAssert.h">
      <Filter>PlanetaEngine\Debug</Filter>
    </ClInclude>
    <ClInclude Include="GlobalNewDeleteDefinition.h">
      <Filter>PlanetaEngine\Core\Memory</Filter>
    </ClInclude>
    <ClInclude Include="TypeChecker.h">
      <Filter>PlanetaEngine\Utility</Filter>
    </ClInclude>
    <ClInclude Include="Reflection.h">
      <Filter>PlanetaEngine\Utility</Filter>
    </ClInclude>
    <ClInclude Include="MetaprogrammingUtility.h">
      <Filter>PlanetaEngine\Utility</Filter>
    </ClInclude>
    <ClInclude Include="CoroutineUtility.h">
      <Filter>PlanetaEngine\Utility</Filter>
    </ClInclude>
    <ClInclude Include="EventMonitor.h">
      <Filter>PlanetaEngine\Utility</Filter>
    </ClInclude>
    <ClInclude Include="GameObjectManager.h">
      <Filter>PlanetaEngine\SceneModules\GameObject\Manager</Filter>
    </ClInclude>
    <ClInclude Include="GameObjectManagerPublicInterface.h">
      <Filter>PlanetaEngine\SceneModules\GameObject\Manager</Filter>
    </ClInclude>
    <ClInclude Include="SceneManager.h">
      <Filter>PlanetaEngine\Core\Scene\Manager</Filter>
    </ClInclude>
    <ClInclude Include="SceneSystemSetUpper.h">
      <Filter>PlanetaEngine\Core\Scene\SetUpper</Filter>
    </ClInclude>
    <ClInclude Include="ISceneManagerAccessor.h">
      <Filter>PlanetaEngine\Core\Scene\Manager</Filter>
    </ClInclude>
    <ClInclude Include="SceneSetUpper.h">
      <Filter>PlanetaEngine\Core\Scene\SetUpper</Filter>
    </ClInclude>
    <ClInclude Include="ErrorSceneDefinition.h">
      <Filter>PlanetaEngine\Core\Scene\SetUpper</Filter>
    </ClInclude>
    <ClInclude Include="SoundManager.h">
      <Filter>PlanetaEngine\Core\SoundSystem</Filter>
    </ClInclude>
    <ClInclude Include="BGMController.h">
      <Filter>PlanetaEngine\Core\SoundSystem</Filter>
    </ClInclude>
    <ClInclude Include="SoundEffectController.h">
      <Filter>PlanetaEngine\Core\SoundSystem</Filter>
    </ClInclude>
    <ClInclude Include="IBGMController.h">
      <Filter>PlanetaEngine\Core\SoundSystem</Filter>
    </ClInclude>
    <ClInclude Include="ISoundEffectController.h">
      <Filter>PlanetaEngine\Core\SoundSystem</Filter>
    </ClInclude>
    <ClInclude Include="FileIStream.h">
      <Filter>PlanetaEngine\FileSystem\Stream</Filter>
    </ClInclude>
    <ClInclude Include="FileStreamBuf.h">
      <Filter>PlanetaEngine\FileSystem\Stream</Filter>
    </ClInclude>
    <ClInclude Include="FileOStream.h">
      <Filter>PlanetaEngine\FileSystem\Stream</Filter>
    </ClInclude>
    <ClInclude Include="StringUtility.h">
      <Filter>PlanetaEngine\Utility</Filter>
    </ClInclude>
    <ClInclude Include="EncrypterBase.h">
      <Filter>PlanetaEngine\FileSystem\Encrypter</Filter>
    </ClInclude>
    <ClInclude Include="EXOREncrypter.h">
      <Filter>PlanetaEngine\FileSystem\Encrypter</Filter>
    </ClInclude>
    <ClInclude Include="FileAccessor.h">
      <Filter>PlanetaEngine\FileSystem</Filter>
    </ClInclude>
    <ClInclude Include="FileManipulatorBase.h">
      <Filter>PlanetaEngine\FileSystem\Manipulator</Filter>
    </ClInclude>
    <ClInclude Include="NormalFolderManipulator.h">
      <Filter>PlanetaEngine\FileSystem\Manipulator</Filter>
    </ClInclude>
    <ClInclude Include="ArchiveManipulator.h">
      <Filter>PlanetaEngine\FileSystem\Manipulator</Filter>
    </ClInclude>
    <ClInclude Include="FileAccessMode.h">
      <Filter>PlanetaEngine\FileSystem</Filter>
    </ClInclude>
    <ClInclude Include="FileSystemManager.h">
      <Filter>PlanetaEngine\FileSystem</Filter>
    </ClInclude>
    <ClInclude Include="CollisionGroupMatrix.h">
      <Filter>PlanetaEngine\Core\Others</Filter>
    </ClInclude>
    <ClInclude Include="RangeUtility.h">
      <Filter>PlanetaEngine\Utility</Filter>
    </ClInclude>
    <ClInclude Include="EmptySceneDefinition.h">
      <Filter>PlanetaEngine\Core\Scene\SetUpper</Filter>
    </ClInclude>
    <ClInclude Include="FileSystemUtility.h">
      <Filter>PlanetaEngine\FileSystem</Filter>
    </ClInclude>
    <ClInclude Include="ConfigData.h">
      <Filter>PlanetaEngine\Core\Config</Filter>
    </ClInclude>
    <ClInclude Include="Camera.h">
      <Filter>PlanetaEngine\Core\Scene</Filter>
    </ClInclude>
    <ClInclude Include="Property.h">
      <Filter>PlanetaEngine\Utility</Filter>
    </ClInclude>
    <ClInclude Include="Vector3D.h">
      <Filter>PlanetaEngine\Math\Vector</Filter>
    </ClInclude>
    <ClInclude Include="Vector4D.h">
      <Filter>PlanetaEngine\Math\Vector</Filter>
    </ClInclude>
    <ClInclude Include="VectorElementIdentifer.h">
      <Filter>PlanetaEngine\Math\Vector</Filter>
    </ClInclude>
    <ClInclude Include="GameObjectComponent.h">
      <Filter>PlanetaEngine\SceneModules\GameObject\Component</Filter>
    </ClInclude>
    <ClInclude Include="GameObjectComponentRigistrationData.h">
      <Filter>PlanetaEngine\SceneModules\GameObject\Component</Filter>
    </ClInclude>
    <ClInclude Include="resource.h">
      <Filter>ヘッダー ファイル</Filter>
    </ClInclude>
    <ClInclude Include="NonCopyable.h">
      <Filter>PlanetaEngine\Utility</Filter>
    </ClInclude>
    <ClInclude Include="SceneModule.h">
      <Filter>PlanetaEngine\Core\Scene</Filter>
    </ClInclude>
    <ClInclude Include="SceneData.h">
      <Filter>PlanetaEngine\Core\Scene</Filter>
    </ClInclude>
    <ClInclude Include="SceneDataForGameObject.h">
      <Filter>PlanetaEngine\SceneModules\GameObject</Filter>
    </ClInclude>
    <ClInclude Include="GameObjectManagerConnection.h">
      <Filter>PlanetaEngine\SceneModules\GameObject\Manager</Filter>
    </ClInclude>
    <ClInclude Include="MathVector.h">
      <Filter>PlanetaEngine\Math\Vector</Filter>
    </ClInclude>
    <ClInclude Include="ScreenEffectProcess.h">
      <Filter>PlanetaEngine\SceneModules\Task</Filter>
    </ClInclude>
    <ClInclude Include="GUIComponent.h">
      <Filter>PlanetaEngine\SceneModules\GUI</Filter>
    </ClInclude>
    <ClInclude Include="GUIObject.h">
      <Filter>PlanetaEngine\SceneModules\GUI</Filter>
    </ClInclude>
    <ClInclude Include="GUIManager.h">
      <Filter>PlanetaEngine\SceneModules\GUI\Manager</Filter>
    </ClInclude>
    <ClInclude Include="GUIManagerPublicInterface.h">
      <Filter>PlanetaEngine\SceneModules\GUI\Manager</Filter>
    </ClInclude>
    <ClInclude Include="GUIManagerConnection.h">
      <Filter>PlanetaEngine\SceneModules\GUI\Manager</Filter>
    </ClInclude>
    <ClInclude Include="Screen.h">
      <Filter>PlanetaEngine\Core\GraphicSystem\Screen</Filter>
    </ClInclude>
    <ClInclude Include="ScreenChangeEffecter.h">
      <Filter>PlanetaEngine\Core\GraphicSystem\Screen</Filter>
    </ClInclude>
    <ClInclude Include="ScreenDrawer2D.h">
      <Filter>PlanetaEngine\Core\GraphicSystem\2D</Filter>
    </ClInclude>
    <ClInclude Include="ScreenDrawerGUI.h">
      <Filter>PlanetaEngine\Core\GraphicSystem\GUI</Filter>
    </ClInclude>
    <ClInclude Include="DXGraphDrawData.h">
      <Filter>PlanetaEngine\Core\GraphicSystem\2D</Filter>
    </ClInclude>
    <ClInclude Include="GraphDrawData2D.h">
      <Filter>PlanetaEngine\Core\GraphicSystem\2D</Filter>
    </ClInclude>
    <ClInclude Include="DebugDrawInterface.h">
      <Filter>PlanetaEngine\Debug</Filter>
    </ClInclude>
    <ClInclude Include="DebugInformationDisplayer.h">
      <Filter>PlanetaEngine\Debug</Filter>
    </ClInclude>
    <ClInclude Include="GameObjectSetUpperHeaders.h">
      <Filter>PlanetaEngine\ForUserHeaders</Filter>
    </ClInclude>
    <ClInclude Include="GameObjectComponentUpdateProcess.h">
      <Filter>PlanetaEngine\SceneModules\GameObject\Component</Filter>
    </ClInclude>
    <ClInclude Include="WindowsUtility.h">
      <Filter>PlanetaEngine\Windows</Filter>
    </ClInclude>
    <ClInclude Include="AccessorTemplate.h">
      <Filter>PlanetaEngine\Utility</Filter>
    </ClInclude>
    <ClInclude Include="SceneDefinitionHeaders.h">
      <Filter>PlanetaEngine\ForUserHeaders</Filter>
    </ClInclude>
    <ClInclude Include="GameObjectComponentHeaders.h">
      <Filter>PlanetaEngine\ForUserHeaders</Filter>
    </ClInclude>
    <ClInclude Include="cpplinq.hpp">
      <Filter>LinqForCpp</Filter>
    </ClInclude>
    <ClInclude Include="LuaBindClassFunctions.h">
      <Filter>Lua</Filter>
    </ClInclude>
    <ClInclude Include="DataContainer.h">
      <Filter>PlanetaEngine\Utility\DataContainer</Filter>
    </ClInclude>
    <ClInclude Include="DataContainerImpl.h">
      <Filter>PlanetaEngine\Utility\DataContainer</Filter>
    </ClInclude>
    <ClInclude Include="DataContainerSerializeUtility.h">
      <Filter>PlanetaEngine\Utility\DataContainer\Serialize</Filter>
    </ClInclude>
    <ClInclude Include="DataContainerFunctionsForBoostSerialize.h">
      <Filter>PlanetaEngine\Utility\DataContainer\Serialize</Filter>
    </ClInclude>
    <ClInclude Include="DataContainerError.h">
      <Filter>PlanetaEngine\Utility\DataContainer\Exceptions</Filter>
    </ClInclude>
    <ClInclude Include="WeakPointer.h">
      <Filter>PlanetaEngine\Utility\WeakPointer</Filter>
    </ClInclude>
    <ClInclude Include="PEDateTime.h">
      <Filter>PlanetaEngine\Utility\DateTime</Filter>
    </ClInclude>
    <ClInclude Include="PETime.h">
      <Filter>PlanetaEngine\Utility\DateTime</Filter>
    </ClInclude>
    <ClInclude Include="SaveDataManager.h">
      <Filter>PlanetaEngine\Core\SaveData</Filter>
    </ClInclude>
    <ClInclude Include="AESEncrypter.h">
      <Filter>PlanetaEngine\FileSystem\Encrypter</Filter>
    </ClInclude>
    <ClInclude Include="TypeDefinitions.h">
      <Filter>PlanetaEngine\ForUserHeaders</Filter>
    </ClInclude>
    <ClInclude Include="Event.h">
      <Filter>PlanetaEngine\Utility\WeakPointer</Filter>
    </ClInclude>
    <ClInclude Include="pe_assert.h">
      <Filter>PlanetaEngine\Utility</Filter>
    </ClInclude>
    <ClInclude Include="Vector2D.h">
      <Filter>PlanetaEngine\Math\Vector</Filter>
    </ClInclude>
    <ClInclude Include="Matrix2_2.h">
      <Filter>PlanetaEngine\Math\Matrix</Filter>
    </ClInclude>
    <ClInclude Include="Matrix3_3.h">
      <Filter>PlanetaEngine\Math\Matrix</Filter>
    </ClInclude>
    <ClInclude Include="MathMatrix.h">
      <Filter>PlanetaEngine\Math\Matrix</Filter>
    </ClInclude>
    <ClInclude Include="Task.h">
      <Filter>PlanetaEngine\SceneModules\Task</Filter>
    </ClInclude>
    <ClInclude Include="TaskSystemSetUpper.h">
      <Filter>PlanetaEngine\SceneModules\Task</Filter>
    </ClInclude>
    <ClInclude Include="TaskManager.h">
      <Filter>PlanetaEngine\SceneModules\Task\Manager</Filter>
    </ClInclude>
    <ClInclude Include="TaskManagerPublicInterface.h">
      <Filter>PlanetaEngine\SceneModules\Task\Manager</Filter>
    </ClInclude>
    <ClInclude Include="GameObjectInterface.h">
      <Filter>PlanetaEngine\SceneModules\GameObject\GameObjectInterface</Filter>
    </ClInclude>
    <ClInclude Include="IGameObject.h">
      <Filter>PlanetaEngine\SceneModules\GameObject\GameObjectInterface</Filter>
    </ClInclude>
    <ClInclude Include="GameObjectComponentHolder.h">
      <Filter>PlanetaEngine\SceneModules\GameObject\Component</Filter>
    </ClInclude>
    <ClInclude Include="GameObject.h">
      <Filter>PlanetaEngine\SceneModules\GameObject</Filter>
    </ClInclude>
    <ClInclude Include="GameObjectBase.h">
      <Filter>PlanetaEngine\SceneModules\GameObject</Filter>
    </ClInclude>
    <ClInclude Include="GameObjectFactory.h">
      <Filter>PlanetaEngine\SceneModules\GameObject\Factory</Filter>
    </ClInclude>
    <ClInclude Include="GameObjectRegisterer.h">
      <Filter>PlanetaEngine\SceneModules\GameObject\Factory</Filter>
    </ClInclude>
    <ClInclude Include="Transform2DCore.h">
      <Filter>PlanetaEngine\BuildinElements\GameObjectComponents\TransformComponent2D</Filter>
    </ClInclude>
    <ClInclude Include="RootTransform2DCore.h">
      <Filter>PlanetaEngine\BuildinElements\GameObjectComponents\TransformComponent2D</Filter>
    </ClInclude>
    <ClInclude Include="ChildTransform2DCore.h">
      <Filter>PlanetaEngine\BuildinElements\GameObjectComponents\TransformComponent2D</Filter>
    </ClInclude>
    <ClInclude Include="CTransform2D.h">
      <Filter>PlanetaEngine\BuildinElements\GameObjectComponents\TransformComponent2D</Filter>
    </ClInclude>
    <ClInclude Include="CDraw2D.h">
      <Filter>PlanetaEngine\BuildinElements\GameObjectComponents\DrawComponent2D</Filter>
    </ClInclude>
    <ClInclude Include="CDrawGraph2D.h">
      <Filter>PlanetaEngine\BuildinElements\GameObjectComponents\DrawComponent2D</Filter>
    </ClInclude>
    <ClInclude Include="CDrawLine2D.h">
      <Filter>PlanetaEngine\BuildinElements\GameObjectComponents\DrawComponent2D</Filter>
    </ClInclude>
    <ClInclude Include="CDrawPlanet2D.h">
      <Filter>PlanetaEngine\BuildinElements\GameObjectComponents\DrawComponent2D</Filter>
    </ClInclude>
    <ClInclude Include="CDrawPolygon2D.h">
      <Filter>PlanetaEngine\BuildinElements\GameObjectComponents\DrawComponent2D</Filter>
    </ClInclude>
    <ClInclude Include="IColliderWithCollider2D.h">
      <Filter>PlanetaEngine\BuildinElements\GameObjectComponents\ColliderComponent2D</Filter>
    </ClInclude>
    <ClInclude Include="CCircleCollider2D.h">
      <Filter>PlanetaEngine\BuildinElements\GameObjectComponents\ColliderComponent2D</Filter>
    </ClInclude>
    <ClInclude Include="CCollider2D.h">
      <Filter>PlanetaEngine\BuildinElements\GameObjectComponents\ColliderComponent2D</Filter>
    </ClInclude>
    <ClInclude Include="CPolygonCollider2D.h">
      <Filter>PlanetaEngine\BuildinElements\GameObjectComponents\ColliderComponent2D</Filter>
    </ClInclude>
    <ClInclude Include="CStraightLineCollider2D.h">
      <Filter>PlanetaEngine\BuildinElements\GameObjectComponents\ColliderComponent2D</Filter>
    </ClInclude>
    <ClInclude Include="CGround2D.h">
      <Filter>PlanetaEngine\BuildinElements\GameObjectComponents\GroundComponent2D</Filter>
    </ClInclude>
    <ClInclude Include="CDumyGround2D.h">
      <Filter>PlanetaEngine\BuildinElements\GameObjectComponents\GroundComponent2D</Filter>
    </ClInclude>
    <ClInclude Include="CPlanetGround2D.h">
      <Filter>PlanetaEngine\BuildinElements\GameObjectComponents\GroundComponent2D</Filter>
    </ClInclude>
    <ClInclude Include="CBelongingGroundGravity.h">
      <Filter>PlanetaEngine\BuildinElements\GameObjectComponents</Filter>
    </ClInclude>
    <ClInclude Include="CGraph2DAnimator.h">
      <Filter>PlanetaEngine\BuildinElements\GameObjectComponents</Filter>
    </ClInclude>
    <ClInclude Include="CPlanet.h">
      <Filter>PlanetaEngine\BuildinElements\GameObjectComponents</Filter>
    </ClInclude>
    <ClInclude Include="TInstant.h">
      <Filter>PlanetaEngine\BuildinElements\Tasks</Filter>
    </ClInclude>
    <ClInclude Include="TInstantCoroutine.h">
      <Filter>PlanetaEngine\BuildinElements\Tasks</Filter>
    </ClInclude>
    <ClInclude Include="TCoroutine.h">
      <Filter>PlanetaEngine\BuildinElements\Tasks</Filter>
    </ClInclude>
    <ClInclude Include="TGameObjectOperation.h">
      <Filter>PlanetaEngine\BuildinElements\Tasks\GameObjectOperationTask</Filter>
    </ClInclude>
    <ClInclude Include="GIGameObject2D.h">
      <Filter>PlanetaEngine\BuildinElements\GameObjectInterface</Filter>
    </ClInclude>
    <ClInclude Include="GIGUIObject2D.h">
      <Filter>PlanetaEngine\BuildinElements\GameObjectInterface</Filter>
    </ClInclude>
    <ClInclude Include="GIGroundObject2D.h">
      <Filter>PlanetaEngine\BuildinElements\GameObjectInterface</Filter>
    </ClInclude>
    <ClInclude Include="GGameObject2DTemplate.h">
      <Filter>PlanetaEngine\BuildinElements\GameObjects</Filter>
    </ClInclude>
    <ClInclude Include="GGroundObject2DTemplate.h">
      <Filter>PlanetaEngine\BuildinElements\GameObjects</Filter>
    </ClInclude>
    <ClInclude Include="GGUIObjectTemplate.h">
      <Filter>PlanetaEngine\BuildinElements\GameObjects</Filter>
    </ClInclude>
    <ClInclude Include="TaskSlot.h">
      <Filter>PlanetaEngine\SceneModules\Task</Filter>
    </ClInclude>
    <ClInclude Include="TaskManagerConnection.h">
      <Filter>PlanetaEngine\SceneModules\Task</Filter>
    </ClInclude>
    <ClInclude Include="SystemTaskSlot.h">
      <Filter>PlanetaEngine\SceneModules\Task</Filter>
    </ClInclude>
    <ClInclude Include="CollisionDetectFunctions.h">
      <Filter>PlanetaEngine\SceneModules\CollisionWorld</Filter>
    </ClInclude>
    <ClInclude Include="CollisionWorld.h">
      <Filter>PlanetaEngine\SceneModules\CollisionWorld</Filter>
    </ClInclude>
    <ClInclude Include="GameObjectDrawSystem.h">
      <Filter>PlanetaEngine\SceneModules\DrawSystem</Filter>
    </ClInclude>
    <ClInclude Include="AnimationSystem.h">
      <Filter>PlanetaEngine\SceneModules\Animation</Filter>
    </ClInclude>
    <ClInclude Include="TransformSystem.h">
      <Filter>PlanetaEngine\SceneModules\TransfotmSystem</Filter>
    </ClInclude>
    <ClInclude Include="GameObjectStandardComponent.h">
      <Filter>PlanetaEngine\SceneModules\GameObject\Component</Filter>
    </ClInclude>
    <ClInclude Include="GameObjectSystemComponent.h">
      <Filter>PlanetaEngine\SceneModules\GameObject\Component</Filter>
    </ClInclude>
    <ClInclude Include="SceneSetUpProxy.h">
      <Filter>PlanetaEngine\Core\Scene\SetUpper</Filter>
    </ClInclude>
    <ClInclude Include="Delegate.h">
      <Filter>PlanetaEngine\Utility</Filter>
    </ClInclude>
  </ItemGroup>
  <ItemGroup>
    <ClCompile Include="Object.cpp">
      <Filter>PlanetaEngine\Core\Object</Filter>
    </ClCompile>
    <ClCompile Include="TLSFMemoryAllocator.cpp">
      <Filter>PlanetaEngine\Core\Memory</Filter>
    </ClCompile>
    <ClCompile Include="InitEnd.cpp">
      <Filter>PlanetaEngine\InitEnd</Filter>
    </ClCompile>
    <ClCompile Include="Scene.cpp">
      <Filter>PlanetaEngine\Core\Scene</Filter>
    </ClCompile>
    <ClCompile Include="File.cpp">
      <Filter>PlanetaEngine\FileSystem</Filter>
    </ClCompile>
    <ClCompile Include="SystemVariables.cpp">
      <Filter>PlanetaEngine\Core</Filter>
    </ClCompile>
    <ClCompile Include="ResourceManager.cpp">
      <Filter>PlanetaEngine\Core\Resource</Filter>
    </ClCompile>
    <ClCompile Include="SystemLog.cpp">
      <Filter>PlanetaEngine\Debug</Filter>
    </ClCompile>
    <ClCompile Include="SystemCounter.cpp">
      <Filter>PlanetaEngine\Debug</Filter>
    </ClCompile>
    <ClCompile Include="CSVResource.cpp">
      <Filter>PlanetaEngine\BuildinElements\Resources</Filter>
    </ClCompile>
    <ClCompile Include="InitEndResource.cpp">
      <Filter>PlanetaEngine\InitEnd</Filter>
    </ClCompile>
    <ClCompile Include="TextResource.cpp">
      <Filter>PlanetaEngine\BuildinElements\Resources</Filter>
    </ClCompile>
    <ClCompile Include="InitEndDX.cpp">
      <Filter>PlanetaEngine\InitEnd</Filter>
    </ClCompile>
    <ClCompile Include="DrawManager.cpp">
      <Filter>PlanetaEngine\Core\GraphicSystem</Filter>
    </ClCompile>
    <ClCompile Include="Color.cpp">
      <Filter>PlanetaEngine\Core\GraphicSystem</Filter>
    </ClCompile>
    <ClCompile Include="SoundResource.cpp">
      <Filter>PlanetaEngine\BuildinElements\Resources</Filter>
    </ClCompile>
    <ClCompile Include="MusicResource.cpp">
      <Filter>PlanetaEngine\BuildinElements\Resources</Filter>
    </ClCompile>
    <ClCompile Include="GraphResource.cpp">
      <Filter>PlanetaEngine\BuildinElements\Resources</Filter>
    </ClCompile>
    <ClCompile Include="DXUtility.cpp">
      <Filter>PlanetaEngine\Utility</Filter>
    </ClCompile>
    <ClCompile Include="PlanetaEngine.cpp">
      <Filter>PlanetaEngine\Core</Filter>
    </ClCompile>
    <ClCompile Include="MathUtility.cpp">
      <Filter>PlanetaEngine\Math</Filter>
    </ClCompile>
    <ClCompile Include="IOKeyConfig.cpp">
      <Filter>PlanetaEngine\Core\KeyInput</Filter>
    </ClCompile>
    <ClCompile Include="KeyInputManager.cpp">
      <Filter>PlanetaEngine\Core\KeyInput</Filter>
    </ClCompile>
    <ClCompile Include="KeyInputUtils.cpp">
      <Filter>PlanetaEngine\Core\KeyInput</Filter>
    </ClCompile>
    <ClCompile Include="INIFileResource.cpp">
      <Filter>PlanetaEngine\BuildinElements\Resources</Filter>
    </ClCompile>
    <ClCompile Include="Game.cpp">
      <Filter>PlanetaEngine\Core</Filter>
    </ClCompile>
    <ClCompile Include="TextPanel.cpp">
      <Filter>PlanetaEngine\BuildinElements\GUIComponents</Filter>
    </ClCompile>
    <ClCompile Include="GraphPanel.cpp">
      <Filter>PlanetaEngine\BuildinElements\GUIComponents</Filter>
    </ClCompile>
    <ClCompile Include="DebuggerCommunicater.cpp">
      <Filter>PlanetaEngine\Debug</Filter>
    </ClCompile>
    <ClCompile Include="SimplePolygonPanel.cpp">
      <Filter>PlanetaEngine\BuildinElements\GUIComponents</Filter>
    </ClCompile>
    <ClCompile Include="FontResource.cpp">
      <Filter>PlanetaEngine\BuildinElements\Resources</Filter>
    </ClCompile>
    <ClCompile Include="FontDefinitionResource.cpp">
      <Filter>PlanetaEngine\BuildinElements\Resources</Filter>
    </ClCompile>
    <ClCompile Include="tinyxml2.cpp">
      <Filter>TinyXML2</Filter>
    </ClCompile>
    <ClCompile Include="XMLResource.cpp">
      <Filter>PlanetaEngine\BuildinElements\Resources</Filter>
    </ClCompile>
    <ClCompile Include="TalkWindows.cpp">
      <Filter>PlanetaEngine\BuildinElements\GUIObjects</Filter>
    </ClCompile>
    <ClCompile Include="StringPanel.cpp">
      <Filter>PlanetaEngine\BuildinElements\GUIComponents</Filter>
    </ClCompile>
    <ClCompile Include="Coroutine.cpp">
      <Filter>PlanetaEngine\Utility</Filter>
    </ClCompile>
    <ClCompile Include="GameObjectManager.cpp">
      <Filter>PlanetaEngine\SceneModules\GameObject\Manager</Filter>
    </ClCompile>
    <ClCompile Include="SceneManager.cpp">
      <Filter>PlanetaEngine\Core\Scene\Manager</Filter>
    </ClCompile>
    <ClCompile Include="SceneSystemSetUpper.cpp">
      <Filter>PlanetaEngine\Core\Scene\SetUpper</Filter>
    </ClCompile>
    <ClCompile Include="SoundManager.cpp">
      <Filter>PlanetaEngine\Core\SoundSystem</Filter>
    </ClCompile>
    <ClCompile Include="SoundEffectController.cpp">
      <Filter>PlanetaEngine\Core\SoundSystem</Filter>
    </ClCompile>
    <ClCompile Include="BGMController.cpp">
      <Filter>PlanetaEngine\Core\SoundSystem</Filter>
    </ClCompile>
    <ClCompile Include="FileOStream.cpp">
      <Filter>PlanetaEngine\FileSystem\Stream</Filter>
    </ClCompile>
    <ClCompile Include="FileIStream.cpp">
      <Filter>PlanetaEngine\FileSystem\Stream</Filter>
    </ClCompile>
    <ClCompile Include="FileStreamBuf.cpp">
      <Filter>PlanetaEngine\FileSystem\Stream</Filter>
    </ClCompile>
    <ClCompile Include="EncrypterBase.cpp">
      <Filter>PlanetaEngine\FileSystem\Encrypter</Filter>
    </ClCompile>
    <ClCompile Include="EXOREncrypter.cpp">
      <Filter>PlanetaEngine\FileSystem\Encrypter</Filter>
    </ClCompile>
    <ClCompile Include="FileAccessor.cpp">
      <Filter>PlanetaEngine\FileSystem</Filter>
    </ClCompile>
    <ClCompile Include="FileManipulatorBase.cpp">
      <Filter>PlanetaEngine\FileSystem\Manipulator</Filter>
    </ClCompile>
    <ClCompile Include="NormalFolderManipulator.cpp">
      <Filter>PlanetaEngine\FileSystem\Manipulator</Filter>
    </ClCompile>
    <ClCompile Include="ArchiveManipulator.cpp">
      <Filter>PlanetaEngine\FileSystem\Manipulator</Filter>
    </ClCompile>
    <ClCompile Include="FileSystemManager.cpp">
      <Filter>PlanetaEngine\FileSystem</Filter>
    </ClCompile>
    <ClCompile Include="CollisionGroupMatrix.cpp">
      <Filter>PlanetaEngine\Core\Others</Filter>
    </ClCompile>
    <ClCompile Include="EmptySceneDefinition.cpp">
      <Filter>PlanetaEngine\Core\Scene\SetUpper</Filter>
    </ClCompile>
    <ClCompile Include="ErrorSceneDefinition.cpp">
      <Filter>PlanetaEngine\Core\Scene\SetUpper</Filter>
    </ClCompile>
    <ClCompile Include="FileSystemUtility.cpp">
      <Filter>PlanetaEngine\FileSystem</Filter>
    </ClCompile>
    <ClCompile Include="ConfigData.cpp">
      <Filter>PlanetaEngine\Core\Config</Filter>
    </ClCompile>
    <ClCompile Include="Camera.cpp">
      <Filter>PlanetaEngine\Core\Scene</Filter>
    </ClCompile>
    <ClCompile Include="GameObjectComponent.cpp">
      <Filter>PlanetaEngine\SceneModules\GameObject\Component</Filter>
    </ClCompile>
    <ClCompile Include="SceneSetUpper.cpp">
      <Filter>PlanetaEngine\Core\Scene\SetUpper</Filter>
    </ClCompile>
    <ClCompile Include="GameObjectManagerConnection.cpp">
      <Filter>PlanetaEngine\SceneModules\GameObject\Manager</Filter>
    </ClCompile>
    <ClCompile Include="GUIComponent.cpp">
      <Filter>PlanetaEngine\SceneModules\GUI</Filter>
    </ClCompile>
    <ClCompile Include="GUIObject.cpp">
      <Filter>PlanetaEngine\SceneModules\GUI</Filter>
    </ClCompile>
    <ClCompile Include="GUIManager.cpp">
      <Filter>PlanetaEngine\SceneModules\GUI\Manager</Filter>
    </ClCompile>
    <ClCompile Include="GUIManagerConnection.cpp">
      <Filter>PlanetaEngine\SceneModules\GUI\Manager</Filter>
    </ClCompile>
    <ClCompile Include="ScreenChangeEffecter.cpp">
      <Filter>PlanetaEngine\Core\GraphicSystem\Screen</Filter>
    </ClCompile>
    <ClCompile Include="ScreenDrawer2D.cpp">
      <Filter>PlanetaEngine\Core\GraphicSystem\2D</Filter>
    </ClCompile>
    <ClCompile Include="ScreenDrawerGUI.cpp">
      <Filter>PlanetaEngine\Core\GraphicSystem\GUI</Filter>
    </ClCompile>
    <ClCompile Include="GraphDrawData2D.cpp">
      <Filter>PlanetaEngine\Core\GraphicSystem\2D</Filter>
    </ClCompile>
    <ClCompile Include="Screen.cpp">
      <Filter>PlanetaEngine\Core\GraphicSystem\Screen</Filter>
    </ClCompile>
    <ClCompile Include="WindowsUtility.cpp">
      <Filter>PlanetaEngine\Windows</Filter>
    </ClCompile>
    <ClCompile Include="LuaBindClassFunctions.cpp">
      <Filter>Lua</Filter>
    </ClCompile>
    <ClCompile Include="DebugInformationDisplayer.cpp">
      <Filter>PlanetaEngine\Debug</Filter>
    </ClCompile>
    <ClCompile Include="DataContainer.cpp">
      <Filter>PlanetaEngine\Utility\DataContainer</Filter>
    </ClCompile>
    <ClCompile Include="DataContainerImpl.cpp">
      <Filter>PlanetaEngine\Utility\DataContainer</Filter>
    </ClCompile>
    <ClCompile Include="DataContainerSerializeUtility.cpp">
      <Filter>PlanetaEngine\Utility\DataContainer\Serialize</Filter>
    </ClCompile>
    <ClCompile Include="PEDateTime.cpp">
      <Filter>PlanetaEngine\Utility\DateTime</Filter>
    </ClCompile>
    <ClCompile Include="PETime.cpp">
      <Filter>PlanetaEngine\Utility\DateTime</Filter>
    </ClCompile>
    <ClCompile Include="SaveDataManager.cpp">
      <Filter>PlanetaEngine\Core\SaveData</Filter>
    </ClCompile>
    <ClCompile Include="AESEncrypter.cpp">
      <Filter>PlanetaEngine\FileSystem\Encrypter</Filter>
    </ClCompile>
    <ClCompile Include="Task.cpp">
      <Filter>PlanetaEngine\SceneModules\Task</Filter>
    </ClCompile>
    <ClCompile Include="TaskManager.cpp">
      <Filter>PlanetaEngine\SceneModules\Task\Manager</Filter>
    </ClCompile>
    <ClCompile Include="GameObjectComponentHolder.cpp">
      <Filter>PlanetaEngine\SceneModules\GameObject\Component</Filter>
    </ClCompile>
    <ClCompile Include="GameObjectBase.cpp">
      <Filter>PlanetaEngine\SceneModules\GameObject</Filter>
    </ClCompile>
    <ClCompile Include="GameObjectFactory.cpp">
      <Filter>PlanetaEngine\SceneModules\GameObject\Factory</Filter>
    </ClCompile>
    <ClCompile Include="RootTransform2DCore.cpp">
      <Filter>PlanetaEngine\BuildinElements\GameObjectComponents\TransformComponent2D</Filter>
    </ClCompile>
    <ClCompile Include="ChildTransform2DCore.cpp">
      <Filter>PlanetaEngine\BuildinElements\GameObjectComponents\TransformComponent2D</Filter>
    </ClCompile>
    <ClCompile Include="CTransform2D.cpp">
      <Filter>PlanetaEngine\BuildinElements\GameObjectComponents\TransformComponent2D</Filter>
    </ClCompile>
    <ClCompile Include="CDraw2D.cpp">
      <Filter>PlanetaEngine\BuildinElements\GameObjectComponents\DrawComponent2D</Filter>
    </ClCompile>
    <ClCompile Include="CDrawGraph2D.cpp">
      <Filter>PlanetaEngine\BuildinElements\GameObjectComponents\DrawComponent2D</Filter>
    </ClCompile>
    <ClCompile Include="CDrawLine2D.cpp">
      <Filter>PlanetaEngine\BuildinElements\GameObjectComponents\DrawComponent2D</Filter>
    </ClCompile>
    <ClCompile Include="CDrawPlanet2D.cpp">
      <Filter>PlanetaEngine\BuildinElements\GameObjectComponents\DrawComponent2D</Filter>
    </ClCompile>
    <ClCompile Include="CDrawPolygon2D.cpp">
      <Filter>PlanetaEngine\BuildinElements\GameObjectComponents\DrawComponent2D</Filter>
    </ClCompile>
    <ClCompile Include="CCircleCollider2D.cpp">
      <Filter>PlanetaEngine\BuildinElements\GameObjectComponents\ColliderComponent2D</Filter>
    </ClCompile>
    <ClCompile Include="CCollider2D.cpp">
      <Filter>PlanetaEngine\BuildinElements\GameObjectComponents\ColliderComponent2D</Filter>
    </ClCompile>
    <ClCompile Include="CPolygonCollider2D.cpp">
      <Filter>PlanetaEngine\BuildinElements\GameObjectComponents\ColliderComponent2D</Filter>
    </ClCompile>
    <ClCompile Include="CStraightLineCollider2D.cpp">
      <Filter>PlanetaEngine\BuildinElements\GameObjectComponents\ColliderComponent2D</Filter>
    </ClCompile>
    <ClCompile Include="CGround2D.cpp">
      <Filter>PlanetaEngine\BuildinElements\GameObjectComponents\GroundComponent2D</Filter>
    </ClCompile>
    <ClCompile Include="CPlanetGround2D.cpp">
      <Filter>PlanetaEngine\BuildinElements\GameObjectComponents\GroundComponent2D</Filter>
    </ClCompile>
    <ClCompile Include="CBelongingGroundGravity.cpp">
      <Filter>PlanetaEngine\BuildinElements\GameObjectComponents</Filter>
    </ClCompile>
    <ClCompile Include="CGraph2DAnimator.cpp">
      <Filter>PlanetaEngine\BuildinElements\GameObjectComponents</Filter>
    </ClCompile>
    <ClCompile Include="CPlanet.cpp">
      <Filter>PlanetaEngine\BuildinElements\GameObjectComponents</Filter>
    </ClCompile>
    <ClCompile Include="TInstant.cpp">
      <Filter>PlanetaEngine\BuildinElements\Tasks</Filter>
    </ClCompile>
    <ClCompile Include="TCoroutine.cpp">
      <Filter>PlanetaEngine\BuildinElements\Tasks</Filter>
    </ClCompile>
    <ClCompile Include="TGameObjectOperation.cpp">
      <Filter>PlanetaEngine\BuildinElements\Tasks\GameObjectOperationTask</Filter>
    </ClCompile>
    <ClCompile Include="TaskManagerConnection.cpp">
      <Filter>PlanetaEngine\SceneModules\Task</Filter>
    </ClCompile>
    <ClCompile Include="CollisionDetectFunctions.cpp">
      <Filter>PlanetaEngine\SceneModules\CollisionWorld</Filter>
    </ClCompile>
    <ClCompile Include="CollisionWorld.cpp">
      <Filter>PlanetaEngine\SceneModules\CollisionWorld</Filter>
    </ClCompile>
    <ClCompile Include="GameObjectDrawSystem.cpp">
      <Filter>PlanetaEngine\SceneModules\DrawSystem</Filter>
    </ClCompile>
    <ClCompile Include="AnimationSystem.cpp">
      <Filter>PlanetaEngine\SceneModules\Animation</Filter>
    </ClCompile>
    <ClCompile Include="TransformSystem.cpp">
      <Filter>PlanetaEngine\SceneModules\TransfotmSystem</Filter>
    </ClCompile>
    <ClCompile Include="SceneSetUpProxy.cpp">
      <Filter>PlanetaEngine\Core\Scene\SetUpper</Filter>
    </ClCompile>
  </ItemGroup>
  <ItemGroup>
    <ResourceCompile Include="PlanetaEngine.rc">
      <Filter>リソース ファイル</Filter>
    </ResourceCompile>
  </ItemGroup>
</Project>